
Microsoft Visual Studio Solution File, Format Version 12.00
# Visual Studio Version 17
VisualStudioVersion = 17.7.34018.315
MinimumVisualStudioVersion = 10.0.40219.1
Project("{9A19103F-16F7-4668-BE54-9A1E7A4F7556}") = "AWSLambda11", "AWSLambda11\AWSLambda11.csproj", "{6B4474B7-8AC7-4ADB-AB14-57B17B438302}"
EndProject
Project("{9A19103F-16F7-4668-BE54-9A1E7A4F7556}") = "Udemy.Lambda-Annotations", "Udemy.Lambda-Annotations\Udemy.Lambda-Annotations.csproj", "{01AF342D-D42F-4D13-87D2-115CBC062494}"
EndProject
Global
	GlobalSection(SolutionConfigurationPlatforms) = preSolution
		Debug|Any CPU = Debug|Any CPU
		Release|Any CPU = Release|Any CPU
	EndGlobalSection
	GlobalSection(ProjectConfigurationPlatforms) = postSolution
		{6B4474B7-8AC7-4ADB-AB14-57B17B438302}.Debug|Any CPU.ActiveCfg = Debug|Any CPU
		{6B4474B7-8AC7-4ADB-AB14-57B17B438302}.Debug|Any CPU.Build.0 = Debug|Any CPU
		{6B4474B7-8AC7-4ADB-AB14-57B17B438302}.Release|Any CPU.ActiveCfg = Release|Any CPU
		{6B4474B7-8AC7-4ADB-AB14-57B17B438302}.Release|Any CPU.Build.0 = Release|Any CPU
		{01AF342D-D42F-4D13-87D2-115CBC062494}.Debug|Any CPU.ActiveCfg = Debug|Any CPU
		{01AF342D-D42F-4D13-87D2-115CBC062494}.Debug|Any CPU.Build.0 = Debug|Any CPU
		{01AF342D-D42F-4D13-87D2-115CBC062494}.Release|Any CPU.ActiveCfg = Release|Any CPU
		{01AF342D-D42F-4D13-87D2-115CBC062494}.Release|Any CPU.Build.0 = Release|Any CPU
	EndGlobalSection
	GlobalSection(SolutionProperties) = preSolution
		HideSolutionNode = FALSE
	EndGlobalSection
	GlobalSection(ExtensibilityGlobals) = postSolution
		SolutionGuid = {1AB71ADB-E53C-43B3-B720-E1B5B3F293E3}
	EndGlobalSection
EndGlobal
